// !$*UTF8*$!
{
	archiveVersion = 1;
	classes = {
	};
	objectVersion = 51;
	objects = {

/* Begin PBXBuildFile section */
		1C34B1B6C54613AA819B3AAF /* libPods-KidsAllergiesAppUITests.a in Frameworks */ = {isa = PBXBuildFile; fileRef = F5E7F036EFEB878232DB80CF /* libPods-KidsAllergiesAppUITests.a */; };
		291485E370C71372937FD649 /* Pods_KidsAllergiesAppTests.framework in Frameworks */ = {isa = PBXBuildFile; fileRef = 3A08065C3DEDA87947F0748A /* Pods_KidsAllergiesAppTests.framework */; };
		46392E6624767B7000586116 /* RegisterViewController.swift in Sources */ = {isa = PBXBuildFile; fileRef = 46392E6524767B7000586116 /* RegisterViewController.swift */; };
		463B57C4247FDBDB00D31C37 /* PostsTableViewController.swift in Sources */ = {isa = PBXBuildFile; fileRef = 463B57C3247FDBDB00D31C37 /* PostsTableViewController.swift */; };
		46420122246D780500A304C6 /* TextUtils.swift in Sources */ = {isa = PBXBuildFile; fileRef = 46420121246D780500A304C6 /* TextUtils.swift */; };
		46420124246D7E9600A304C6 /* Extensions.swift in Sources */ = {isa = PBXBuildFile; fileRef = 46420123246D7E9600A304C6 /* Extensions.swift */; };
		4650AFE124727C8F00E95010 /* AppUtility.swift in Sources */ = {isa = PBXBuildFile; fileRef = 4650AFE024727C8F00E95010 /* AppUtility.swift */; };
		465C5DBF24659FA5000C24D6 /* LoginViewController.swift in Sources */ = {isa = PBXBuildFile; fileRef = 465C5DBE24659FA5000C24D6 /* LoginViewController.swift */; };
		46967C062473CFC300E454C2 /* TipsTableViewCell.swift in Sources */ = {isa = PBXBuildFile; fileRef = 46967C052473CFC300E454C2 /* TipsTableViewCell.swift */; };
		46B49B022473D7670079203D /* TipsTableViewController.swift in Sources */ = {isa = PBXBuildFile; fileRef = 46B49B012473D7670079203D /* TipsTableViewController.swift */; };
		46C8BCEE246EAFD6006E42F4 /* Home.storyboard in Resources */ = {isa = PBXBuildFile; fileRef = 46C8BCED246EAFD6006E42F4 /* Home.storyboard */; };
		46CCDF8B24602FF40052B3E3 /* AppDelegate.swift in Sources */ = {isa = PBXBuildFile; fileRef = 46CCDF8A24602FF40052B3E3 /* AppDelegate.swift */; };
		46CCDF8D24602FF40052B3E3 /* SceneDelegate.swift in Sources */ = {isa = PBXBuildFile; fileRef = 46CCDF8C24602FF40052B3E3 /* SceneDelegate.swift */; };
		46CCDF9424602FF50052B3E3 /* Assets.xcassets in Resources */ = {isa = PBXBuildFile; fileRef = 46CCDF9324602FF50052B3E3 /* Assets.xcassets */; };
		46CCDF9724602FF50052B3E3 /* LaunchScreen.storyboard in Resources */ = {isa = PBXBuildFile; fileRef = 46CCDF9524602FF50052B3E3 /* LaunchScreen.storyboard */; };
		46CCDFA224602FF60052B3E3 /* KidsAllergiesAppTests.swift in Sources */ = {isa = PBXBuildFile; fileRef = 46CCDFA124602FF60052B3E3 /* KidsAllergiesAppTests.swift */; };
		46CCDFAD24602FF60052B3E3 /* KidsAllergiesAppUITests.swift in Sources */ = {isa = PBXBuildFile; fileRef = 46CCDFAC24602FF60052B3E3 /* KidsAllergiesAppUITests.swift */; };
		46CCDFC0246035D10052B3E3 /* Welcome.storyboard in Resources */ = {isa = PBXBuildFile; fileRef = 46CCDFBF246035D10052B3E3 /* Welcome.storyboard */; };
		46CCDFC324604F650052B3E3 /* AccountHelper.swift in Sources */ = {isa = PBXBuildFile; fileRef = 46CCDFC224604F650052B3E3 /* AccountHelper.swift */; };
		46CCDFC52460530B0052B3E3 /* MainViewController.swift in Sources */ = {isa = PBXBuildFile; fileRef = 46CCDFC42460530B0052B3E3 /* MainViewController.swift */; };
		46CCDFC7246053BF0052B3E3 /* WelcomeViewController.swift in Sources */ = {isa = PBXBuildFile; fileRef = 46CCDFC6246053BF0052B3E3 /* WelcomeViewController.swift */; };
		46D1D8B8247BEB6600EFB27B /* Consts.swift in Sources */ = {isa = PBXBuildFile; fileRef = 46D1D8B7247BEB6600EFB27B /* Consts.swift */; };
		46DBBA142462D88200520115 /* Resources_EN.strings in Resources */ = {isa = PBXBuildFile; fileRef = 46DBBA162462D88200520115 /* Resources_EN.strings */; };
		46E1C64B24751612001B96C0 /* UserViewModel.swift in Sources */ = {isa = PBXBuildFile; fileRef = 46E1C64A24751612001B96C0 /* UserViewModel.swift */; };
		46ED59D8246C362400BF6A0F /* WelcomeScreenUITests.swift in Sources */ = {isa = PBXBuildFile; fileRef = 46ED59D7246C362400BF6A0F /* WelcomeScreenUITests.swift */; };
		46F797BB2475434400B2AE94 /* Tip.swift in Sources */ = {isa = PBXBuildFile; fileRef = 46F797B82475434400B2AE94 /* Tip.swift */; };
		46F797BC2475434400B2AE94 /* Categories.swift in Sources */ = {isa = PBXBuildFile; fileRef = 46F797B92475434400B2AE94 /* Categories.swift */; };
		46F797BD2475434400B2AE94 /* User.swift in Sources */ = {isa = PBXBuildFile; fileRef = 46F797BA2475434400B2AE94 /* User.swift */; };
		EC6F7B73ABC221E18A013EE1 /* Pods_KidsAllergiesApp.framework in Frameworks */ = {isa = PBXBuildFile; fileRef = 0259092CD252409FB3C0A946 /* Pods_KidsAllergiesApp.framework */; };
/* End PBXBuildFile section */

/* Begin PBXContainerItemProxy section */
		46CCDF9E24602FF60052B3E3 /* PBXContainerItemProxy */ = {
			isa = PBXContainerItemProxy;
			containerPortal = 46CCDF7F24602FF40052B3E3 /* Project object */;
			proxyType = 1;
			remoteGlobalIDString = 46CCDF8624602FF40052B3E3;
			remoteInfo = KidsAllergiesApp;
		};
		46CCDFA924602FF60052B3E3 /* PBXContainerItemProxy */ = {
			isa = PBXContainerItemProxy;
			containerPortal = 46CCDF7F24602FF40052B3E3 /* Project object */;
			proxyType = 1;
			remoteGlobalIDString = 46CCDF8624602FF40052B3E3;
			remoteInfo = KidsAllergiesApp;
		};
/* End PBXContainerItemProxy section */

/* Begin PBXFileReference section */
		0259092CD252409FB3C0A946 /* Pods_KidsAllergiesApp.framework */ = {isa = PBXFileReference; explicitFileType = wrapper.framework; includeInIndex = 0; path = Pods_KidsAllergiesApp.framework; sourceTree = BUILT_PRODUCTS_DIR; };
		33F4B5FE3F4473C8531909DD /* Pods-KidsAllergiesApp.debug.xcconfig */ = {isa = PBXFileReference; includeInIndex = 1; lastKnownFileType = text.xcconfig; name = "Pods-KidsAllergiesApp.debug.xcconfig"; path = "Target Support Files/Pods-KidsAllergiesApp/Pods-KidsAllergiesApp.debug.xcconfig"; sourceTree = "<group>"; };
		3A08065C3DEDA87947F0748A /* Pods_KidsAllergiesAppTests.framework */ = {isa = PBXFileReference; explicitFileType = wrapper.framework; includeInIndex = 0; path = Pods_KidsAllergiesAppTests.framework; sourceTree = BUILT_PRODUCTS_DIR; };
		46392E6524767B7000586116 /* RegisterViewController.swift */ = {isa = PBXFileReference; lastKnownFileType = sourcecode.swift; path = RegisterViewController.swift; sourceTree = "<group>"; };
		463B57C3247FDBDB00D31C37 /* PostsTableViewController.swift */ = {isa = PBXFileReference; lastKnownFileType = sourcecode.swift; path = PostsTableViewController.swift; sourceTree = "<group>"; };
		46420121246D780500A304C6 /* TextUtils.swift */ = {isa = PBXFileReference; lastKnownFileType = sourcecode.swift; path = TextUtils.swift; sourceTree = "<group>"; };
		46420123246D7E9600A304C6 /* Extensions.swift */ = {isa = PBXFileReference; lastKnownFileType = sourcecode.swift; path = Extensions.swift; sourceTree = "<group>"; };
		4650AFE024727C8F00E95010 /* AppUtility.swift */ = {isa = PBXFileReference; lastKnownFileType = sourcecode.swift; path = AppUtility.swift; sourceTree = "<group>"; };
		465C5DBE24659FA5000C24D6 /* LoginViewController.swift */ = {isa = PBXFileReference; lastKnownFileType = sourcecode.swift; path = LoginViewController.swift; sourceTree = "<group>"; };
		46967C052473CFC300E454C2 /* TipsTableViewCell.swift */ = {isa = PBXFileReference; lastKnownFileType = sourcecode.swift; path = TipsTableViewCell.swift; sourceTree = "<group>"; };
		46B49B012473D7670079203D /* TipsTableViewController.swift */ = {isa = PBXFileReference; lastKnownFileType = sourcecode.swift; path = TipsTableViewController.swift; sourceTree = "<group>"; };
		46C8BCED246EAFD6006E42F4 /* Home.storyboard */ = {isa = PBXFileReference; lastKnownFileType = file.storyboard; path = Home.storyboard; sourceTree = "<group>"; };
		46CCDF8724602FF40052B3E3 /* Kids Allergies.app */ = {isa = PBXFileReference; explicitFileType = wrapper.application; includeInIndex = 0; path = "Kids Allergies.app"; sourceTree = BUILT_PRODUCTS_DIR; };
		46CCDF8A24602FF40052B3E3 /* AppDelegate.swift */ = {isa = PBXFileReference; lastKnownFileType = sourcecode.swift; path = AppDelegate.swift; sourceTree = "<group>"; };
		46CCDF8C24602FF40052B3E3 /* SceneDelegate.swift */ = {isa = PBXFileReference; lastKnownFileType = sourcecode.swift; path = SceneDelegate.swift; sourceTree = "<group>"; };
		46CCDF9324602FF50052B3E3 /* Assets.xcassets */ = {isa = PBXFileReference; lastKnownFileType = folder.assetcatalog; path = Assets.xcassets; sourceTree = "<group>"; };
		46CCDF9624602FF50052B3E3 /* Base */ = {isa = PBXFileReference; lastKnownFileType = file.storyboard; name = Base; path = Base.lproj/LaunchScreen.storyboard; sourceTree = "<group>"; };
		46CCDF9824602FF50052B3E3 /* Info.plist */ = {isa = PBXFileReference; lastKnownFileType = text.plist.xml; path = Info.plist; sourceTree = "<group>"; };
		46CCDF9D24602FF60052B3E3 /* KidsAllergiesAppTests.xctest */ = {isa = PBXFileReference; explicitFileType = wrapper.cfbundle; includeInIndex = 0; path = KidsAllergiesAppTests.xctest; sourceTree = BUILT_PRODUCTS_DIR; };
		46CCDFA124602FF60052B3E3 /* KidsAllergiesAppTests.swift */ = {isa = PBXFileReference; lastKnownFileType = sourcecode.swift; path = KidsAllergiesAppTests.swift; sourceTree = "<group>"; };
		46CCDFA324602FF60052B3E3 /* Info.plist */ = {isa = PBXFileReference; lastKnownFileType = text.plist.xml; path = Info.plist; sourceTree = "<group>"; };
		46CCDFA824602FF60052B3E3 /* KidsAllergiesAppUITests.xctest */ = {isa = PBXFileReference; explicitFileType = wrapper.cfbundle; includeInIndex = 0; path = KidsAllergiesAppUITests.xctest; sourceTree = BUILT_PRODUCTS_DIR; };
		46CCDFAC24602FF60052B3E3 /* KidsAllergiesAppUITests.swift */ = {isa = PBXFileReference; lastKnownFileType = sourcecode.swift; path = KidsAllergiesAppUITests.swift; sourceTree = "<group>"; };
		46CCDFAE24602FF60052B3E3 /* Info.plist */ = {isa = PBXFileReference; lastKnownFileType = text.plist.xml; path = Info.plist; sourceTree = "<group>"; };
		46CCDFBF246035D10052B3E3 /* Welcome.storyboard */ = {isa = PBXFileReference; lastKnownFileType = file.storyboard; path = Welcome.storyboard; sourceTree = "<group>"; };
		46CCDFC224604F650052B3E3 /* AccountHelper.swift */ = {isa = PBXFileReference; lastKnownFileType = sourcecode.swift; path = AccountHelper.swift; sourceTree = "<group>"; };
		46CCDFC42460530B0052B3E3 /* MainViewController.swift */ = {isa = PBXFileReference; lastKnownFileType = sourcecode.swift; path = MainViewController.swift; sourceTree = "<group>"; };
		46CCDFC6246053BF0052B3E3 /* WelcomeViewController.swift */ = {isa = PBXFileReference; lastKnownFileType = sourcecode.swift; path = WelcomeViewController.swift; sourceTree = "<group>"; };
		46D1D8B7247BEB6600EFB27B /* Consts.swift */ = {isa = PBXFileReference; lastKnownFileType = sourcecode.swift; path = Consts.swift; sourceTree = "<group>"; };
		46DBBA152462D88200520115 /* en */ = {isa = PBXFileReference; lastKnownFileType = text.plist.strings; name = en; path = en.lproj/Resources_EN.strings; sourceTree = "<group>"; };
		46E1C64A24751612001B96C0 /* UserViewModel.swift */ = {isa = PBXFileReference; lastKnownFileType = sourcecode.swift; path = UserViewModel.swift; sourceTree = "<group>"; };
		46ED59D7246C362400BF6A0F /* WelcomeScreenUITests.swift */ = {isa = PBXFileReference; lastKnownFileType = sourcecode.swift; path = WelcomeScreenUITests.swift; sourceTree = "<group>"; };
		46F797B82475434400B2AE94 /* Tip.swift */ = {isa = PBXFileReference; fileEncoding = 4; lastKnownFileType = sourcecode.swift; path = Tip.swift; sourceTree = "<group>"; };
		46F797B92475434400B2AE94 /* Categories.swift */ = {isa = PBXFileReference; fileEncoding = 4; lastKnownFileType = sourcecode.swift; path = Categories.swift; sourceTree = "<group>"; };
		46F797BA2475434400B2AE94 /* User.swift */ = {isa = PBXFileReference; fileEncoding = 4; lastKnownFileType = sourcecode.swift; path = User.swift; sourceTree = "<group>"; };
		73C7135BE3871AF823450EBC /* Pods-KidsAllergiesAppTests.release.xcconfig */ = {isa = PBXFileReference; includeInIndex = 1; lastKnownFileType = text.xcconfig; name = "Pods-KidsAllergiesAppTests.release.xcconfig"; path = "Target Support Files/Pods-KidsAllergiesAppTests/Pods-KidsAllergiesAppTests.release.xcconfig"; sourceTree = "<group>"; };
		7F976739127CD51F8427383F /* Pods-KidsAllergiesAppUITests.release.xcconfig */ = {isa = PBXFileReference; includeInIndex = 1; lastKnownFileType = text.xcconfig; name = "Pods-KidsAllergiesAppUITests.release.xcconfig"; path = "Target Support Files/Pods-KidsAllergiesAppUITests/Pods-KidsAllergiesAppUITests.release.xcconfig"; sourceTree = "<group>"; };
		CE4B9A1A5322C1C66B05F0B9 /* Pods-KidsAllergiesAppUITests.debug.xcconfig */ = {isa = PBXFileReference; includeInIndex = 1; lastKnownFileType = text.xcconfig; name = "Pods-KidsAllergiesAppUITests.debug.xcconfig"; path = "Target Support Files/Pods-KidsAllergiesAppUITests/Pods-KidsAllergiesAppUITests.debug.xcconfig"; sourceTree = "<group>"; };
		D8C97310ACD87F926C2AED1F /* Pods-KidsAllergiesAppTests.debug.xcconfig */ = {isa = PBXFileReference; includeInIndex = 1; lastKnownFileType = text.xcconfig; name = "Pods-KidsAllergiesAppTests.debug.xcconfig"; path = "Target Support Files/Pods-KidsAllergiesAppTests/Pods-KidsAllergiesAppTests.debug.xcconfig"; sourceTree = "<group>"; };
		DC403201239167F4A228C34F /* Pods-KidsAllergiesApp.release.xcconfig */ = {isa = PBXFileReference; includeInIndex = 1; lastKnownFileType = text.xcconfig; name = "Pods-KidsAllergiesApp.release.xcconfig"; path = "Target Support Files/Pods-KidsAllergiesApp/Pods-KidsAllergiesApp.release.xcconfig"; sourceTree = "<group>"; };
		F5E7F036EFEB878232DB80CF /* libPods-KidsAllergiesAppUITests.a */ = {isa = PBXFileReference; explicitFileType = archive.ar; includeInIndex = 0; path = "libPods-KidsAllergiesAppUITests.a"; sourceTree = BUILT_PRODUCTS_DIR; };
/* End PBXFileReference section */

/* Begin PBXFrameworksBuildPhase section */
		46CCDF8424602FF40052B3E3 /* Frameworks */ = {
			isa = PBXFrameworksBuildPhase;
			buildActionMask = 2147483647;
			files = (
				EC6F7B73ABC221E18A013EE1 /* Pods_KidsAllergiesApp.framework in Frameworks */,
			);
			runOnlyForDeploymentPostprocessing = 0;
		};
		46CCDF9A24602FF60052B3E3 /* Frameworks */ = {
			isa = PBXFrameworksBuildPhase;
			buildActionMask = 2147483647;
			files = (
				291485E370C71372937FD649 /* Pods_KidsAllergiesAppTests.framework in Frameworks */,
			);
			runOnlyForDeploymentPostprocessing = 0;
		};
		46CCDFA524602FF60052B3E3 /* Frameworks */ = {
			isa = PBXFrameworksBuildPhase;
			buildActionMask = 2147483647;
			files = (
				1C34B1B6C54613AA819B3AAF /* libPods-KidsAllergiesAppUITests.a in Frameworks */,
			);
			runOnlyForDeploymentPostprocessing = 0;
		};
/* End PBXFrameworksBuildPhase section */

/* Begin PBXGroup section */
		192FBEF11DC50B0BE45A9682 /* Pods */ = {
			isa = PBXGroup;
			children = (
				33F4B5FE3F4473C8531909DD /* Pods-KidsAllergiesApp.debug.xcconfig */,
				DC403201239167F4A228C34F /* Pods-KidsAllergiesApp.release.xcconfig */,
				D8C97310ACD87F926C2AED1F /* Pods-KidsAllergiesAppTests.debug.xcconfig */,
				73C7135BE3871AF823450EBC /* Pods-KidsAllergiesAppTests.release.xcconfig */,
				CE4B9A1A5322C1C66B05F0B9 /* Pods-KidsAllergiesAppUITests.debug.xcconfig */,
				7F976739127CD51F8427383F /* Pods-KidsAllergiesAppUITests.release.xcconfig */,
			);
			path = Pods;
			sourceTree = "<group>";
		};
		46CCDF7E24602FF40052B3E3 = {
			isa = PBXGroup;
			children = (
				46CCDF8924602FF40052B3E3 /* KidsAllergiesApp */,
				46CCDFA024602FF60052B3E3 /* KidsAllergiesAppTests */,
				46CCDFAB24602FF60052B3E3 /* KidsAllergiesAppUITests */,
				46CCDF8824602FF40052B3E3 /* Products */,
				192FBEF11DC50B0BE45A9682 /* Pods */,
				4AF954511015A2B66A4F1A0B /* Frameworks */,
			);
			sourceTree = "<group>";
		};
		46CCDF8824602FF40052B3E3 /* Products */ = {
			isa = PBXGroup;
			children = (
				46CCDF8724602FF40052B3E3 /* Kids Allergies.app */,
				46CCDF9D24602FF60052B3E3 /* KidsAllergiesAppTests.xctest */,
				46CCDFA824602FF60052B3E3 /* KidsAllergiesAppUITests.xctest */,
			);
			name = Products;
			sourceTree = "<group>";
		};
		46CCDF8924602FF40052B3E3 /* KidsAllergiesApp */ = {
			isa = PBXGroup;
			children = (
				46CCDF9824602FF50052B3E3 /* Info.plist */,
				46CCDF8A24602FF40052B3E3 /* AppDelegate.swift */,
				46CCDF8C24602FF40052B3E3 /* SceneDelegate.swift */,
				46CCDF9324602FF50052B3E3 /* Assets.xcassets */,
				46CCDFC124604F500052B3E3 /* Helpers */,
				46CCDF9524602FF50052B3E3 /* LaunchScreen.storyboard */,
				46DBBA172462D8EB00520115 /* Localization */,
				46F797B72475434400B2AE94 /* Models */,
				46CCDFBD2460329F0052B3E3 /* Storyboards */,
				46CCDFBA2460328B0052B3E3 /* View Controllers */,
				46CCDFBB246032930052B3E3 /* View Models */,
				46CCDFBC2460329A0052B3E3 /* Views */,
			);
			path = KidsAllergiesApp;
			sourceTree = "<group>";
		};
		46CCDFA024602FF60052B3E3 /* KidsAllergiesAppTests */ = {
			isa = PBXGroup;
			children = (
				46CCDFA124602FF60052B3E3 /* KidsAllergiesAppTests.swift */,
				46CCDFA324602FF60052B3E3 /* Info.plist */,
			);
			path = KidsAllergiesAppTests;
			sourceTree = "<group>";
		};
		46CCDFAB24602FF60052B3E3 /* KidsAllergiesAppUITests */ = {
			isa = PBXGroup;
			children = (
				46CCDFAC24602FF60052B3E3 /* KidsAllergiesAppUITests.swift */,
				46CCDFAE24602FF60052B3E3 /* Info.plist */,
				46ED59D7246C362400BF6A0F /* WelcomeScreenUITests.swift */,
			);
			path = KidsAllergiesAppUITests;
			sourceTree = "<group>";
		};
		46CCDFBA2460328B0052B3E3 /* View Controllers */ = {
			isa = PBXGroup;
			children = (
				465C5DBE24659FA5000C24D6 /* LoginViewController.swift */,
				46CCDFC42460530B0052B3E3 /* MainViewController.swift */,
				46392E6524767B7000586116 /* RegisterViewController.swift */,
				46B49B012473D7670079203D /* TipsTableViewController.swift */,
				46CCDFC6246053BF0052B3E3 /* WelcomeViewController.swift */,
				463B57C3247FDBDB00D31C37 /* PostsTableViewController.swift */,
			);
			path = "View Controllers";
			sourceTree = "<group>";
		};
		46CCDFBB246032930052B3E3 /* View Models */ = {
			isa = PBXGroup;
			children = (
				46E1C64A24751612001B96C0 /* UserViewModel.swift */,
			);
			path = "View Models";
			sourceTree = "<group>";
		};
		46CCDFBC2460329A0052B3E3 /* Views */ = {
			isa = PBXGroup;
			children = (
				46967C052473CFC300E454C2 /* TipsTableViewCell.swift */,
			);
			path = Views;
			sourceTree = "<group>";
		};
		46CCDFBD2460329F0052B3E3 /* Storyboards */ = {
			isa = PBXGroup;
			children = (
				46CCDFBF246035D10052B3E3 /* Welcome.storyboard */,
				46C8BCED246EAFD6006E42F4 /* Home.storyboard */,
			);
			path = Storyboards;
			sourceTree = "<group>";
		};
		46CCDFC124604F500052B3E3 /* Helpers */ = {
			isa = PBXGroup;
			children = (
				46CCDFC224604F650052B3E3 /* AccountHelper.swift */,
				46420121246D780500A304C6 /* TextUtils.swift */,
				46420123246D7E9600A304C6 /* Extensions.swift */,
				4650AFE024727C8F00E95010 /* AppUtility.swift */,
				46D1D8B7247BEB6600EFB27B /* Consts.swift */,
			);
			path = Helpers;
			sourceTree = "<group>";
		};
		46DBBA172462D8EB00520115 /* Localization */ = {
			isa = PBXGroup;
			children = (
				46DBBA162462D88200520115 /* Resources_EN.strings */,
			);
			path = Localization;
			sourceTree = "<group>";
		};
		46F797B72475434400B2AE94 /* Models */ = {
			isa = PBXGroup;
			children = (
				46F797B82475434400B2AE94 /* Tip.swift */,
				46F797B92475434400B2AE94 /* Categories.swift */,
				46F797BA2475434400B2AE94 /* User.swift */,
			);
			name = Models;
			path = KidsAllergiesApp/Models;
			sourceTree = SOURCE_ROOT;
		};
		4AF954511015A2B66A4F1A0B /* Frameworks */ = {
			isa = PBXGroup;
			children = (
				0259092CD252409FB3C0A946 /* Pods_KidsAllergiesApp.framework */,
				3A08065C3DEDA87947F0748A /* Pods_KidsAllergiesAppTests.framework */,
				F5E7F036EFEB878232DB80CF /* libPods-KidsAllergiesAppUITests.a */,
			);
			name = Frameworks;
			sourceTree = "<group>";
		};
/* End PBXGroup section */

/* Begin PBXNativeTarget section */
		46CCDF8624602FF40052B3E3 /* KidsAllergiesApp */ = {
			isa = PBXNativeTarget;
			buildConfigurationList = 46CCDFB124602FF60052B3E3 /* Build configuration list for PBXNativeTarget "KidsAllergiesApp" */;
			buildPhases = (
				A63E3C3CBFDA8632359CE8D3 /* [CP] Check Pods Manifest.lock */,
				46CCDF8324602FF40052B3E3 /* Sources */,
				46CCDF8424602FF40052B3E3 /* Frameworks */,
				46CCDF8524602FF40052B3E3 /* Resources */,
				73B9DC60900E3F98E4C31BD0 /* [CP] Embed Pods Frameworks */,
			);
			buildRules = (
			);
			dependencies = (
			);
			name = KidsAllergiesApp;
			productName = KidsAllergiesApp;
			productReference = 46CCDF8724602FF40052B3E3 /* Kids Allergies.app */;
			productType = "com.apple.product-type.application";
		};
		46CCDF9C24602FF60052B3E3 /* KidsAllergiesAppTests */ = {
			isa = PBXNativeTarget;
			buildConfigurationList = 46CCDFB424602FF60052B3E3 /* Build configuration list for PBXNativeTarget "KidsAllergiesAppTests" */;
			buildPhases = (
				499B9073DF91100077A274D1 /* [CP] Check Pods Manifest.lock */,
				46CCDF9924602FF60052B3E3 /* Sources */,
				46CCDF9A24602FF60052B3E3 /* Frameworks */,
				46CCDF9B24602FF60052B3E3 /* Resources */,
				4C1A23D0177077AD7D56139A /* [CP] Embed Pods Frameworks */,
			);
			buildRules = (
			);
			dependencies = (
				46CCDF9F24602FF60052B3E3 /* PBXTargetDependency */,
			);
			name = KidsAllergiesAppTests;
			productName = KidsAllergiesAppTests;
			productReference = 46CCDF9D24602FF60052B3E3 /* KidsAllergiesAppTests.xctest */;
			productType = "com.apple.product-type.bundle.unit-test";
		};
		46CCDFA724602FF60052B3E3 /* KidsAllergiesAppUITests */ = {
			isa = PBXNativeTarget;
			buildConfigurationList = 46CCDFB724602FF60052B3E3 /* Build configuration list for PBXNativeTarget "KidsAllergiesAppUITests" */;
			buildPhases = (
				FD521FE633F9D1450C2EB97A /* [CP] Check Pods Manifest.lock */,
				46CCDFA424602FF60052B3E3 /* Sources */,
				46CCDFA524602FF60052B3E3 /* Frameworks */,
				46CCDFA624602FF60052B3E3 /* Resources */,
			);
			buildRules = (
			);
			dependencies = (
				46CCDFAA24602FF60052B3E3 /* PBXTargetDependency */,
			);
			name = KidsAllergiesAppUITests;
			productName = KidsAllergiesAppUITests;
			productReference = 46CCDFA824602FF60052B3E3 /* KidsAllergiesAppUITests.xctest */;
			productType = "com.apple.product-type.bundle.ui-testing";
		};
/* End PBXNativeTarget section */

/* Begin PBXProject section */
		46CCDF7F24602FF40052B3E3 /* Project object */ = {
			isa = PBXProject;
			attributes = {
				LastSwiftUpdateCheck = 1140;
				LastUpgradeCheck = 1140;
				ORGANIZATIONNAME = "Stavros Team";
				TargetAttributes = {
					46CCDF8624602FF40052B3E3 = {
						CreatedOnToolsVersion = 11.4.1;
					};
					46CCDF9C24602FF60052B3E3 = {
						CreatedOnToolsVersion = 11.4.1;
						TestTargetID = 46CCDF8624602FF40052B3E3;
					};
					46CCDFA724602FF60052B3E3 = {
						CreatedOnToolsVersion = 11.4.1;
						TestTargetID = 46CCDF8624602FF40052B3E3;
					};
				};
			};
			buildConfigurationList = 46CCDF8224602FF40052B3E3 /* Build configuration list for PBXProject "KidsAllergiesApp" */;
			compatibilityVersion = "Xcode 9.3";
			developmentRegion = en;
			hasScannedForEncodings = 0;
			knownRegions = (
				en,
				Base,
			);
			mainGroup = 46CCDF7E24602FF40052B3E3;
			productRefGroup = 46CCDF8824602FF40052B3E3 /* Products */;
			projectDirPath = "";
			projectRoot = "";
			targets = (
				46CCDF8624602FF40052B3E3 /* KidsAllergiesApp */,
				46CCDF9C24602FF60052B3E3 /* KidsAllergiesAppTests */,
				46CCDFA724602FF60052B3E3 /* KidsAllergiesAppUITests */,
			);
		};
/* End PBXProject section */

/* Begin PBXResourcesBuildPhase section */
		46CCDF8524602FF40052B3E3 /* Resources */ = {
			isa = PBXResourcesBuildPhase;
			buildActionMask = 2147483647;
			files = (
				46CCDFC0246035D10052B3E3 /* Welcome.storyboard in Resources */,
				46C8BCEE246EAFD6006E42F4 /* Home.storyboard in Resources */,
				46DBBA142462D88200520115 /* Resources_EN.strings in Resources */,
				46CCDF9724602FF50052B3E3 /* LaunchScreen.storyboard in Resources */,
				46CCDF9424602FF50052B3E3 /* Assets.xcassets in Resources */,
			);
			runOnlyForDeploymentPostprocessing = 0;
		};
		46CCDF9B24602FF60052B3E3 /* Resources */ = {
			isa = PBXResourcesBuildPhase;
			buildActionMask = 2147483647;
			files = (
			);
			runOnlyForDeploymentPostprocessing = 0;
		};
		46CCDFA624602FF60052B3E3 /* Resources */ = {
			isa = PBXResourcesBuildPhase;
			buildActionMask = 2147483647;
			files = (
			);
			runOnlyForDeploymentPostprocessing = 0;
		};
/* End PBXResourcesBuildPhase section */

/* Begin PBXShellScriptBuildPhase section */
		499B9073DF91100077A274D1 /* [CP] Check Pods Manifest.lock */ = {
			isa = PBXShellScriptBuildPhase;
			buildActionMask = 2147483647;
			files = (
			);
			inputFileListPaths = (
			);
			inputPaths = (
				"${PODS_PODFILE_DIR_PATH}/Podfile.lock",
				"${PODS_ROOT}/Manifest.lock",
			);
			name = "[CP] Check Pods Manifest.lock";
			outputFileListPaths = (
			);
			outputPaths = (
				"$(DERIVED_FILE_DIR)/Pods-KidsAllergiesAppTests-checkManifestLockResult.txt",
			);
			runOnlyForDeploymentPostprocessing = 0;
			shellPath = /bin/sh;
			shellScript = "diff \"${PODS_PODFILE_DIR_PATH}/Podfile.lock\" \"${PODS_ROOT}/Manifest.lock\" > /dev/null\nif [ $? != 0 ] ; then\n    # print error to STDERR\n    echo \"error: The sandbox is not in sync with the Podfile.lock. Run 'pod install' or update your CocoaPods installation.\" >&2\n    exit 1\nfi\n# This output is used by Xcode 'outputs' to avoid re-running this script phase.\necho \"SUCCESS\" > \"${SCRIPT_OUTPUT_FILE_0}\"\n";
			showEnvVarsInLog = 0;
		};
		4C1A23D0177077AD7D56139A /* [CP] Embed Pods Frameworks */ = {
			isa = PBXShellScriptBuildPhase;
			buildActionMask = 2147483647;
			files = (
			);
			inputFileListPaths = (
				"${PODS_ROOT}/Target Support Files/Pods-KidsAllergiesAppTests/Pods-KidsAllergiesAppTests-frameworks-${CONFIGURATION}-input-files.xcfilelist",
			);
			name = "[CP] Embed Pods Frameworks";
			outputFileListPaths = (
				"${PODS_ROOT}/Target Support Files/Pods-KidsAllergiesAppTests/Pods-KidsAllergiesAppTests-frameworks-${CONFIGURATION}-output-files.xcfilelist",
			);
			runOnlyForDeploymentPostprocessing = 0;
			shellPath = /bin/sh;
			shellScript = "\"${PODS_ROOT}/Target Support Files/Pods-KidsAllergiesAppTests/Pods-KidsAllergiesAppTests-frameworks.sh\"\n";
			showEnvVarsInLog = 0;
		};
		73B9DC60900E3F98E4C31BD0 /* [CP] Embed Pods Frameworks */ = {
			isa = PBXShellScriptBuildPhase;
			buildActionMask = 2147483647;
			files = (
			);
			inputFileListPaths = (
				"${PODS_ROOT}/Target Support Files/Pods-KidsAllergiesApp/Pods-KidsAllergiesApp-frameworks-${CONFIGURATION}-input-files.xcfilelist",
			);
			name = "[CP] Embed Pods Frameworks";
			outputFileListPaths = (
				"${PODS_ROOT}/Target Support Files/Pods-KidsAllergiesApp/Pods-KidsAllergiesApp-frameworks-${CONFIGURATION}-output-files.xcfilelist",
			);
			runOnlyForDeploymentPostprocessing = 0;
			shellPath = /bin/sh;
			shellScript = "\"${PODS_ROOT}/Target Support Files/Pods-KidsAllergiesApp/Pods-KidsAllergiesApp-frameworks.sh\"\n";
			showEnvVarsInLog = 0;
		};
		A63E3C3CBFDA8632359CE8D3 /* [CP] Check Pods Manifest.lock */ = {
			isa = PBXShellScriptBuildPhase;
			buildActionMask = 2147483647;
			files = (
			);
			inputFileListPaths = (
			);
			inputPaths = (
				"${PODS_PODFILE_DIR_PATH}/Podfile.lock",
				"${PODS_ROOT}/Manifest.lock",
			);
			name = "[CP] Check Pods Manifest.lock";
			outputFileListPaths = (
			);
			outputPaths = (
				"$(DERIVED_FILE_DIR)/Pods-KidsAllergiesApp-checkManifestLockResult.txt",
			);
			runOnlyForDeploymentPostprocessing = 0;
			shellPath = /bin/sh;
			shellScript = "diff \"${PODS_PODFILE_DIR_PATH}/Podfile.lock\" \"${PODS_ROOT}/Manifest.lock\" > /dev/null\nif [ $? != 0 ] ; then\n    # print error to STDERR\n    echo \"error: The sandbox is not in sync with the Podfile.lock. Run 'pod install' or update your CocoaPods installation.\" >&2\n    exit 1\nfi\n# This output is used by Xcode 'outputs' to avoid re-running this script phase.\necho \"SUCCESS\" > \"${SCRIPT_OUTPUT_FILE_0}\"\n";
			showEnvVarsInLog = 0;
		};
		FD521FE633F9D1450C2EB97A /* [CP] Check Pods Manifest.lock */ = {
			isa = PBXShellScriptBuildPhase;
			buildActionMask = 2147483647;
			files = (
			);
			inputFileListPaths = (
			);
			inputPaths = (
				"${PODS_PODFILE_DIR_PATH}/Podfile.lock",
				"${PODS_ROOT}/Manifest.lock",
			);
			name = "[CP] Check Pods Manifest.lock";
			outputFileListPaths = (
			);
			outputPaths = (
				"$(DERIVED_FILE_DIR)/Pods-KidsAllergiesAppUITests-checkManifestLockResult.txt",
			);
			runOnlyForDeploymentPostprocessing = 0;
			shellPath = /bin/sh;
			shellScript = "diff \"${PODS_PODFILE_DIR_PATH}/Podfile.lock\" \"${PODS_ROOT}/Manifest.lock\" > /dev/null\nif [ $? != 0 ] ; then\n    # print error to STDERR\n    echo \"error: The sandbox is not in sync with the Podfile.lock. Run 'pod install' or update your CocoaPods installation.\" >&2\n    exit 1\nfi\n# This output is used by Xcode 'outputs' to avoid re-running this script phase.\necho \"SUCCESS\" > \"${SCRIPT_OUTPUT_FILE_0}\"\n";
			showEnvVarsInLog = 0;
		};
/* End PBXShellScriptBuildPhase section */

/* Begin PBXSourcesBuildPhase section */
		46CCDF8324602FF40052B3E3 /* Sources */ = {
			isa = PBXSourcesBuildPhase;
			buildActionMask = 2147483647;
			files = (
				465C5DBF24659FA5000C24D6 /* LoginViewController.swift in Sources */,
				46F797BB2475434400B2AE94 /* Tip.swift in Sources */,
				46CCDF8B24602FF40052B3E3 /* AppDelegate.swift in Sources */,
				4650AFE124727C8F00E95010 /* AppUtility.swift in Sources */,
				46F797BC2475434400B2AE94 /* Categories.swift in Sources */,
				46CCDFC7246053BF0052B3E3 /* WelcomeViewController.swift in Sources */,
				46CCDFC52460530B0052B3E3 /* MainViewController.swift in Sources */,
				46D1D8B8247BEB6600EFB27B /* Consts.swift in Sources */,
				46E1C64B24751612001B96C0 /* UserViewModel.swift in Sources */,
				46CCDFC324604F650052B3E3 /* AccountHelper.swift in Sources */,
				46CCDF8D24602FF40052B3E3 /* SceneDelegate.swift in Sources */,
				46967C062473CFC300E454C2 /* TipsTableViewCell.swift in Sources */,
				46392E6624767B7000586116 /* RegisterViewController.swift in Sources */,
				463B57C4247FDBDB00D31C37 /* PostsTableViewController.swift in Sources */,
				46420124246D7E9600A304C6 /* Extensions.swift in Sources */,
				46F797BD2475434400B2AE94 /* User.swift in Sources */,
				46420122246D780500A304C6 /* TextUtils.swift in Sources */,
				46B49B022473D7670079203D /* TipsTableViewController.swift in Sources */,
			);
			runOnlyForDeploymentPostprocessing = 0;
		};
		46CCDF9924602FF60052B3E3 /* Sources */ = {
			isa = PBXSourcesBuildPhase;
			buildActionMask = 2147483647;
			files = (
				46CCDFA224602FF60052B3E3 /* KidsAllergiesAppTests.swift in Sources */,
			);
			runOnlyForDeploymentPostprocessing = 0;
		};
		46CCDFA424602FF60052B3E3 /* Sources */ = {
			isa = PBXSourcesBuildPhase;
			buildActionMask = 2147483647;
			files = (
				46ED59D8246C362400BF6A0F /* WelcomeScreenUITests.swift in Sources */,
				46CCDFAD24602FF60052B3E3 /* KidsAllergiesAppUITests.swift in Sources */,
			);
			runOnlyForDeploymentPostprocessing = 0;
		};
/* End PBXSourcesBuildPhase section */

/* Begin PBXTargetDependency section */
		46CCDF9F24602FF60052B3E3 /* PBXTargetDependency */ = {
			isa = PBXTargetDependency;
			target = 46CCDF8624602FF40052B3E3 /* KidsAllergiesApp */;
			targetProxy = 46CCDF9E24602FF60052B3E3 /* PBXContainerItemProxy */;
		};
		46CCDFAA24602FF60052B3E3 /* PBXTargetDependency */ = {
			isa = PBXTargetDependency;
			target = 46CCDF8624602FF40052B3E3 /* KidsAllergiesApp */;
			targetProxy = 46CCDFA924602FF60052B3E3 /* PBXContainerItemProxy */;
		};
/* End PBXTargetDependency section */

/* Begin PBXVariantGroup section */
		46CCDF9524602FF50052B3E3 /* LaunchScreen.storyboard */ = {
			isa = PBXVariantGroup;
			children = (
				46CCDF9624602FF50052B3E3 /* Base */,
			);
			name = LaunchScreen.storyboard;
			sourceTree = "<group>";
		};
		46DBBA162462D88200520115 /* Resources_EN.strings */ = {
			isa = PBXVariantGroup;
			children = (
				46DBBA152462D88200520115 /* en */,
			);
			name = Resources_EN.strings;
			sourceTree = "<group>";
		};
/* End PBXVariantGroup section */

/* Begin XCBuildConfiguration section */
		46CCDFAF24602FF60052B3E3 /* Debug */ = {
			isa = XCBuildConfiguration;
			buildSettings = {
				ALWAYS_SEARCH_USER_PATHS = NO;
				CLANG_ANALYZER_NONNULL = YES;
				CLANG_ANALYZER_NUMBER_OBJECT_CONVERSION = YES_AGGRESSIVE;
				CLANG_CXX_LANGUAGE_STANDARD = "gnu++14";
				CLANG_CXX_LIBRARY = "libc++";
				CLANG_ENABLE_MODULES = YES;
				CLANG_ENABLE_OBJC_ARC = YES;
				CLANG_ENABLE_OBJC_WEAK = YES;
				CLANG_WARN_BLOCK_CAPTURE_AUTORELEASING = YES;
				CLANG_WARN_BOOL_CONVERSION = YES;
				CLANG_WARN_COMMA = YES;
				CLANG_WARN_CONSTANT_CONVERSION = YES;
				CLANG_WARN_DEPRECATED_OBJC_IMPLEMENTATIONS = YES;
				CLANG_WARN_DIRECT_OBJC_ISA_USAGE = YES_ERROR;
				CLANG_WARN_DOCUMENTATION_COMMENTS = YES;
				CLANG_WARN_EMPTY_BODY = YES;
				CLANG_WARN_ENUM_CONVERSION = YES;
				CLANG_WARN_INFINITE_RECURSION = YES;
				CLANG_WARN_INT_CONVERSION = YES;
				CLANG_WARN_NON_LITERAL_NULL_CONVERSION = YES;
				CLANG_WARN_OBJC_IMPLICIT_RETAIN_SELF = YES;
				CLANG_WARN_OBJC_LITERAL_CONVERSION = YES;
				CLANG_WARN_OBJC_ROOT_CLASS = YES_ERROR;
				CLANG_WARN_RANGE_LOOP_ANALYSIS = YES;
				CLANG_WARN_STRICT_PROTOTYPES = YES;
				CLANG_WARN_SUSPICIOUS_MOVE = YES;
				CLANG_WARN_UNGUARDED_AVAILABILITY = YES_AGGRESSIVE;
				CLANG_WARN_UNREACHABLE_CODE = YES;
				CLANG_WARN__DUPLICATE_METHOD_MATCH = YES;
				COPY_PHASE_STRIP = NO;
				DEBUG_INFORMATION_FORMAT = dwarf;
				ENABLE_STRICT_OBJC_MSGSEND = YES;
				ENABLE_TESTABILITY = YES;
				GCC_C_LANGUAGE_STANDARD = gnu11;
				GCC_DYNAMIC_NO_PIC = NO;
				GCC_NO_COMMON_BLOCKS = YES;
				GCC_OPTIMIZATION_LEVEL = 0;
				GCC_PREPROCESSOR_DEFINITIONS = (
					"DEBUG=1",
					"$(inherited)",
				);
				GCC_WARN_64_TO_32_BIT_CONVERSION = YES;
				GCC_WARN_ABOUT_RETURN_TYPE = YES_ERROR;
				GCC_WARN_UNDECLARED_SELECTOR = YES;
				GCC_WARN_UNINITIALIZED_AUTOS = YES_AGGRESSIVE;
				GCC_WARN_UNUSED_FUNCTION = YES;
				GCC_WARN_UNUSED_VARIABLE = YES;
				IPHONEOS_DEPLOYMENT_TARGET = 13.4;
				MTL_ENABLE_DEBUG_INFO = INCLUDE_SOURCE;
				MTL_FAST_MATH = YES;
				ONLY_ACTIVE_ARCH = YES;
				SDKROOT = iphoneos;
				SWIFT_ACTIVE_COMPILATION_CONDITIONS = DEBUG;
				SWIFT_OPTIMIZATION_LEVEL = "-Onone";
			};
			name = Debug;
		};
		46CCDFB024602FF60052B3E3 /* Release */ = {
			isa = XCBuildConfiguration;
			buildSettings = {
				ALWAYS_SEARCH_USER_PATHS = NO;
				CLANG_ANALYZER_NONNULL = YES;
				CLANG_ANALYZER_NUMBER_OBJECT_CONVERSION = YES_AGGRESSIVE;
				CLANG_CXX_LANGUAGE_STANDARD = "gnu++14";
				CLANG_CXX_LIBRARY = "libc++";
				CLANG_ENABLE_MODULES = YES;
				CLANG_ENABLE_OBJC_ARC = YES;
				CLANG_ENABLE_OBJC_WEAK = YES;
				CLANG_WARN_BLOCK_CAPTURE_AUTORELEASING = YES;
				CLANG_WARN_BOOL_CONVERSION = YES;
				CLANG_WARN_COMMA = YES;
				CLANG_WARN_CONSTANT_CONVERSION = YES;
				CLANG_WARN_DEPRECATED_OBJC_IMPLEMENTATIONS = YES;
				CLANG_WARN_DIRECT_OBJC_ISA_USAGE = YES_ERROR;
				CLANG_WARN_DOCUMENTATION_COMMENTS = YES;
				CLANG_WARN_EMPTY_BODY = YES;
				CLANG_WARN_ENUM_CONVERSION = YES;
				CLANG_WARN_INFINITE_RECURSION = YES;
				CLANG_WARN_INT_CONVERSION = YES;
				CLANG_WARN_NON_LITERAL_NULL_CONVERSION = YES;
				CLANG_WARN_OBJC_IMPLICIT_RETAIN_SELF = YES;
				CLANG_WARN_OBJC_LITERAL_CONVERSION = YES;
				CLANG_WARN_OBJC_ROOT_CLASS = YES_ERROR;
				CLANG_WARN_RANGE_LOOP_ANALYSIS = YES;
				CLANG_WARN_STRICT_PROTOTYPES = YES;
				CLANG_WARN_SUSPICIOUS_MOVE = YES;
				CLANG_WARN_UNGUARDED_AVAILABILITY = YES_AGGRESSIVE;
				CLANG_WARN_UNREACHABLE_CODE = YES;
				CLANG_WARN__DUPLICATE_METHOD_MATCH = YES;
				COPY_PHASE_STRIP = NO;
				DEBUG_INFORMATION_FORMAT = "dwarf-with-dsym";
				ENABLE_NS_ASSERTIONS = NO;
				ENABLE_STRICT_OBJC_MSGSEND = YES;
				GCC_C_LANGUAGE_STANDARD = gnu11;
				GCC_NO_COMMON_BLOCKS = YES;
				GCC_WARN_64_TO_32_BIT_CONVERSION = YES;
				GCC_WARN_ABOUT_RETURN_TYPE = YES_ERROR;
				GCC_WARN_UNDECLARED_SELECTOR = YES;
				GCC_WARN_UNINITIALIZED_AUTOS = YES_AGGRESSIVE;
				GCC_WARN_UNUSED_FUNCTION = YES;
				GCC_WARN_UNUSED_VARIABLE = YES;
				IPHONEOS_DEPLOYMENT_TARGET = 13.4;
				MTL_ENABLE_DEBUG_INFO = NO;
				MTL_FAST_MATH = YES;
				SDKROOT = iphoneos;
				SWIFT_COMPILATION_MODE = wholemodule;
				SWIFT_OPTIMIZATION_LEVEL = "-O";
				VALIDATE_PRODUCT = YES;
			};
			name = Release;
		};
		46CCDFB224602FF60052B3E3 /* Debug */ = {
			isa = XCBuildConfiguration;
			baseConfigurationReference = 33F4B5FE3F4473C8531909DD /* Pods-KidsAllergiesApp.debug.xcconfig */;
			buildSettings = {
				ASSETCATALOG_COMPILER_APPICON_NAME = AppIcon;
				CODE_SIGN_STYLE = Automatic;
				DEVELOPMENT_TEAM = 7BS7VD55S5;
				INFOPLIST_FILE = KidsAllergiesApp/Info.plist;
				IPHONEOS_DEPLOYMENT_TARGET = 12.0;
				LD_RUNPATH_SEARCH_PATHS = (
					"$(inherited)",
					"@executable_path/Frameworks",
				);
				PRODUCT_BUNDLE_IDENTIFIER = test.apps.KidsAllergiesApp;
				PRODUCT_NAME = "Kids Allergies";
				SWIFT_VERSION = 5.0;
				TARGETED_DEVICE_FAMILY = "1,2";
			};
			name = Debug;
		};
		46CCDFB324602FF60052B3E3 /* Release */ = {
			isa = XCBuildConfiguration;
			baseConfigurationReference = DC403201239167F4A228C34F /* Pods-KidsAllergiesApp.release.xcconfig */;
			buildSettings = {
				ASSETCATALOG_COMPILER_APPICON_NAME = AppIcon;
				CODE_SIGN_STYLE = Automatic;
				DEVELOPMENT_TEAM = 7BS7VD55S5;
				INFOPLIST_FILE = KidsAllergiesApp/Info.plist;
				IPHONEOS_DEPLOYMENT_TARGET = 12.0;
				LD_RUNPATH_SEARCH_PATHS = (
					"$(inherited)",
					"@executable_path/Frameworks",
				);
				PRODUCT_BUNDLE_IDENTIFIER = test.apps.KidsAllergiesApp;
				PRODUCT_NAME = "Kids Allergies";
				SWIFT_VERSION = 5.0;
				TARGETED_DEVICE_FAMILY = "1,2";
			};
			name = Release;
		};
		46CCDFB524602FF60052B3E3 /* Debug */ = {
			isa = XCBuildConfiguration;
			baseConfigurationReference = D8C97310ACD87F926C2AED1F /* Pods-KidsAllergiesAppTests.debug.xcconfig */;
			buildSettings = {
				ALWAYS_EMBED_SWIFT_STANDARD_LIBRARIES = YES;
				BUNDLE_LOADER = "$(TEST_HOST)";
				CODE_SIGN_STYLE = Automatic;
				DEVELOPMENT_TEAM = 7BS7VD55S5;
				INFOPLIST_FILE = KidsAllergiesAppTests/Info.plist;
				IPHONEOS_DEPLOYMENT_TARGET = 13.4;
				LD_RUNPATH_SEARCH_PATHS = (
					"$(inherited)",
					"@executable_path/Frameworks",
					"@loader_path/Frameworks",
				);
				PRODUCT_BUNDLE_IDENTIFIER = test.apps.KidsAllergiesAppTests;
				PRODUCT_NAME = "$(TARGET_NAME)";
				SWIFT_VERSION = 5.0;
				TARGETED_DEVICE_FAMILY = "1,2";
				TEST_HOST = "$(BUILT_PRODUCTS_DIR)/Kids Allergies.app/Kids Allergies";
			};
			name = Debug;
		};
		46CCDFB624602FF60052B3E3 /* Release */ = {
			isa = XCBuildConfiguration;
			baseConfigurationReference = 73C7135BE3871AF823450EBC /* Pods-KidsAllergiesAppTests.release.xcconfig */;
			buildSettings = {
				ALWAYS_EMBED_SWIFT_STANDARD_LIBRARIES = YES;
				BUNDLE_LOADER = "$(TEST_HOST)";
				CODE_SIGN_STYLE = Automatic;
				DEVELOPMENT_TEAM = 7BS7VD55S5;
				INFOPLIST_FILE = KidsAllergiesAppTests/Info.plist;
				IPHONEOS_DEPLOYMENT_TARGET = 13.4;
				LD_RUNPATH_SEARCH_PATHS = (
					"$(inherited)",
					"@executable_path/Frameworks",
					"@loader_path/Frameworks",
				);
				PRODUCT_BUNDLE_IDENTIFIER = test.apps.KidsAllergiesAppTests;
				PRODUCT_NAME = "$(TARGET_NAME)";
				SWIFT_VERSION = 5.0;
				TARGETED_DEVICE_FAMILY = "1,2";
				TEST_HOST = "$(BUILT_PRODUCTS_DIR)/Kids Allergies.app/Kids Allergies";
			};
			name = Release;
		};
		46CCDFB824602FF60052B3E3 /* Debug */ = {
			isa = XCBuildConfiguration;
			baseConfigurationReference = CE4B9A1A5322C1C66B05F0B9 /* Pods-KidsAllergiesAppUITests.debug.xcconfig */;
			buildSettings = {
				ALWAYS_EMBED_SWIFT_STANDARD_LIBRARIES = YES;
				CODE_SIGN_STYLE = Automatic;
				DEVELOPMENT_TEAM = 7BS7VD55S5;
				INFOPLIST_FILE = KidsAllergiesAppUITests/Info.plist;
				IPHONEOS_DEPLOYMENT_TARGET = 12.0;
				LD_RUNPATH_SEARCH_PATHS = (
					"$(inherited)",
					"@executable_path/Frameworks",
					"@loader_path/Frameworks",
				);
				PRODUCT_BUNDLE_IDENTIFIER = test.apps.KidsAllergiesAppUITests;
				PRODUCT_NAME = "$(TARGET_NAME)";
				SWIFT_VERSION = 5.0;
				TARGETED_DEVICE_FAMILY = "1,2";
				TEST_TARGET_NAME = KidsAllergiesApp;
			};
			name = Debug;
		};
		46CCDFB924602FF60052B3E3 /* Release */ = {
			isa = XCBuildConfiguration;
			baseConfigurationReference = 7F976739127CD51F8427383F /* Pods-KidsAllergiesAppUITests.release.xcconfig */;
			buildSettings = {
				ALWAYS_EMBED_SWIFT_STANDARD_LIBRARIES = YES;
				CODE_SIGN_STYLE = Automatic;
				DEVELOPMENT_TEAM = 7BS7VD55S5;
				INFOPLIST_FILE = KidsAllergiesAppUITests/Info.plist;
				IPHONEOS_DEPLOYMENT_TARGET = 12.0;
				LD_RUNPATH_SEARCH_PATHS = (
					"$(inherited)",
					"@executable_path/Frameworks",
					"@loader_path/Frameworks",
				);
				PRODUCT_BUNDLE_IDENTIFIER = test.apps.KidsAllergiesAppUITests;
				PRODUCT_NAME = "$(TARGET_NAME)";
				SWIFT_VERSION = 5.0;
				TARGETED_DEVICE_FAMILY = "1,2";
				TEST_TARGET_NAME = KidsAllergiesApp;
			};
			name = Release;
		};
/* End XCBuildConfiguration section */

/* Begin XCConfigurationList section */
		46CCDF8224602FF40052B3E3 /* Build configuration list for PBXProject "KidsAllergiesApp" */ = {
			isa = XCConfigurationList;
			buildConfigurations = (
				46CCDFAF24602FF60052B3E3 /* Debug */,
				46CCDFB024602FF60052B3E3 /* Release */,
			);
			defaultConfigurationIsVisible = 0;
			defaultConfigurationName = Release;
		};
		46CCDFB124602FF60052B3E3 /* Build configuration list for PBXNativeTarget "KidsAllergiesApp" */ = {
			isa = XCConfigurationList;
			buildConfigurations = (
				46CCDFB224602FF60052B3E3 /* Debug */,
				46CCDFB324602FF60052B3E3 /* Release */,
			);
			defaultConfigurationIsVisible = 0;
			defaultConfigurationName = Release;
		};
		46CCDFB424602FF60052B3E3 /* Build configuration list for PBXNativeTarget "KidsAllergiesAppTests" */ = {
			isa = XCConfigurationList;
			buildConfigurations = (
				46CCDFB524602FF60052B3E3 /* Debug */,
				46CCDFB624602FF60052B3E3 /* Release */,
			);
			defaultConfigurationIsVisible = 0;
			defaultConfigurationName = Release;
		};
		46CCDFB724602FF60052B3E3 /* Build configuration list for PBXNativeTarget "KidsAllergiesAppUITests" */ = {
			isa = XCConfigurationList;
			buildConfigurations = (
				46CCDFB824602FF60052B3E3 /* Debug */,
				46CCDFB924602FF60052B3E3 /* Release */,
			);
			defaultConfigurationIsVisible = 0;
			defaultConfigurationName = Release;
		};
/* End XCConfigurationList section */
	};
	rootObject = 46CCDF7F24602FF40052B3E3 /* Project object */;
}
